
Microsoft Visual Studio Solution File, Format Version 12.00
# Visual Studio Version 17
VisualStudioVersion = 17.10.35004.147
MinimumVisualStudioVersion = 10.0.40219.1
Project("{FAE04EC0-301F-11D3-BF4B-00C04F79EFBC}") = "TorokDonat_konyvtar", "TorokDonat_konyvtar\TorokDonat_konyvtar.csproj", "{16A56011-24DC-466E-90B6-CC3C5704BA8B}"
EndProject
Global
	GlobalSection(SolutionConfigurationPlatforms) = preSolution
		Debug|Any CPU = Debug|Any CPU
		Release|Any CPU = Release|Any CPU
	EndGlobalSection
	GlobalSection(ProjectConfigurationPlatforms) = postSolution
		{16A56011-24DC-466E-90B6-CC3C5704BA8B}.Debug|Any CPU.ActiveCfg = Debug|Any CPU
		{16A56011-24DC-466E-90B6-CC3C5704BA8B}.Debug|Any CPU.Build.0 = Debug|Any CPU
		{16A56011-24DC-466E-90B6-CC3C5704BA8B}.Release|Any CPU.ActiveCfg = Release|Any CPU
		{16A56011-24DC-466E-90B6-CC3C5704BA8B}.Release|Any CPU.Build.0 = Release|Any CPU
	EndGlobalSection
	GlobalSection(SolutionProperties) = preSolution
		HideSolutionNode = FALSE
	EndGlobalSection
	GlobalSection(ExtensibilityGlobals) = postSolution
		SolutionGuid = {60583D25-D42F-4D2B-ADCF-71481FA73247}
	EndGlobalSection
EndGlobal
